// !$*UTF8*$!
{
	archiveVersion = 1;
	classes = {
	};
	objectVersion = 46;
	objects = {

/* Begin PBXBuildFile section */
		89890B561DDF647900A3AA35 /* Podfile in Resources */ = {isa = PBXBuildFile; fileRef = 89890B551DDF647900A3AA35 /* Podfile */; };
		89EEF03F1DDF34A600A8FB5A /* AppDelegate.swift in Sources */ = {isa = PBXBuildFile; fileRef = 89EEF03E1DDF34A600A8FB5A /* AppDelegate.swift */; };
		89EEF0411DDF34A600A8FB5A /* ViewController.swift in Sources */ = {isa = PBXBuildFile; fileRef = 89EEF0401DDF34A600A8FB5A /* ViewController.swift */; };
		89EEF0441DDF34A600A8FB5A /* Main.storyboard in Resources */ = {isa = PBXBuildFile; fileRef = 89EEF0421DDF34A600A8FB5A /* Main.storyboard */; };
		89EEF0461DDF34A600A8FB5A /* Assets.xcassets in Resources */ = {isa = PBXBuildFile; fileRef = 89EEF0451DDF34A600A8FB5A /* Assets.xcassets */; };
		89EEF0491DDF34A600A8FB5A /* LaunchScreen.storyboard in Resources */ = {isa = PBXBuildFile; fileRef = 89EEF0471DDF34A600A8FB5A /* LaunchScreen.storyboard */; };
		E6E09321CAB5535D803E99A4 /* libPods-NaviApp.a in Frameworks */ = {isa = PBXBuildFile; fileRef = F57F29B235C4A2AA82C688D6 /* libPods-NaviApp.a */; };
/* End PBXBuildFile section */

/* Begin PBXFileReference section */
		89890B551DDF647900A3AA35 /* Podfile */ = {isa = PBXFileReference; fileEncoding = 4; lastKnownFileType = text; path = Podfile; sourceTree = "<group>"; };
		89EEF03B1DDF34A600A8FB5A /* NaviApp.app */ = {isa = PBXFileReference; explicitFileType = wrapper.application; includeInIndex = 0; path = NaviApp.app; sourceTree = BUILT_PRODUCTS_DIR; };
		89EEF03E1DDF34A600A8FB5A /* AppDelegate.swift */ = {isa = PBXFileReference; lastKnownFileType = sourcecode.swift; path = AppDelegate.swift; sourceTree = "<group>"; };
		89EEF0401DDF34A600A8FB5A /* ViewController.swift */ = {isa = PBXFileReference; lastKnownFileType = sourcecode.swift; path = ViewController.swift; sourceTree = "<group>"; };
		89EEF0431DDF34A600A8FB5A /* Base */ = {isa = PBXFileReference; lastKnownFileType = file.storyboard; name = Base; path = Base.lproj/Main.storyboard; sourceTree = "<group>"; };
		89EEF0451DDF34A600A8FB5A /* Assets.xcassets */ = {isa = PBXFileReference; lastKnownFileType = folder.assetcatalog; path = Assets.xcassets; sourceTree = "<group>"; };
		89EEF0481DDF34A600A8FB5A /* Base */ = {isa = PBXFileReference; lastKnownFileType = file.storyboard; name = Base; path = Base.lproj/LaunchScreen.storyboard; sourceTree = "<group>"; };
		89EEF04A1DDF34A600A8FB5A /* Info.plist */ = {isa = PBXFileReference; lastKnownFileType = text.plist.xml; path = Info.plist; sourceTree = "<group>"; };
		C7DC6EAC00A0006DFA9AB3AE /* Pods-NaviApp.release.xcconfig */ = {isa = PBXFileReference; includeInIndex = 1; lastKnownFileType = text.xcconfig; name = "Pods-NaviApp.release.xcconfig"; path = "Pods/Target Support Files/Pods-NaviApp/Pods-NaviApp.release.xcconfig"; sourceTree = "<group>"; };
		E80F4F77D2B37408186E0F17 /* Pods-NaviApp.debug.xcconfig */ = {isa = PBXFileReference; includeInIndex = 1; lastKnownFileType = text.xcconfig; name = "Pods-NaviApp.debug.xcconfig"; path = "Pods/Target Support Files/Pods-NaviApp/Pods-NaviApp.debug.xcconfig"; sourceTree = "<group>"; };
		F57F29B235C4A2AA82C688D6 /* libPods-NaviApp.a */ = {isa = PBXFileReference; explicitFileType = archive.ar; includeInIndex = 0; path = "libPods-NaviApp.a"; sourceTree = BUILT_PRODUCTS_DIR; };
/* End PBXFileReference section */

/* Begin PBXFrameworksBuildPhase section */
		89EEF0381DDF34A600A8FB5A /* Frameworks */ = {
			isa = PBXFrameworksBuildPhase;
			buildActionMask = 2147483647;
			files = (
				E6E09321CAB5535D803E99A4 /* libPods-NaviApp.a in Frameworks */,
			);
			runOnlyForDeploymentPostprocessing = 0;
		};
/* End PBXFrameworksBuildPhase section */

/* Begin PBXGroup section */
		5423CB15554BFD3A54C4D780 /* Frameworks */ = {
			isa = PBXGroup;
			children = (
				F57F29B235C4A2AA82C688D6 /* libPods-NaviApp.a */,
			);
			name = Frameworks;
			sourceTree = "<group>";
		};
		89EEF0321DDF34A500A8FB5A = {
			isa = PBXGroup;
			children = (
				89890B551DDF647900A3AA35 /* Podfile */,
				89EEF03D1DDF34A600A8FB5A /* NaviApp */,
				89EEF03C1DDF34A600A8FB5A /* Products */,
				9C642E5216423BDC8EA3B9EE /* Pods */,
				5423CB15554BFD3A54C4D780 /* Frameworks */,
			);
			sourceTree = "<group>";
		};
		89EEF03C1DDF34A600A8FB5A /* Products */ = {
			isa = PBXGroup;
			children = (
				89EEF03B1DDF34A600A8FB5A /* NaviApp.app */,
			);
			name = Products;
			sourceTree = "<group>";
		};
		89EEF03D1DDF34A600A8FB5A /* NaviApp */ = {
			isa = PBXGroup;
			children = (
				89EEF03E1DDF34A600A8FB5A /* AppDelegate.swift */,
				89EEF0401DDF34A600A8FB5A /* ViewController.swift */,
				89EEF0421DDF34A600A8FB5A /* Main.storyboard */,
				89EEF0451DDF34A600A8FB5A /* Assets.xcassets */,
				89EEF0471DDF34A600A8FB5A /* LaunchScreen.storyboard */,
				89EEF04A1DDF34A600A8FB5A /* Info.plist */,
			);
			path = NaviApp;
			sourceTree = "<group>";
		};
		9C642E5216423BDC8EA3B9EE /* Pods */ = {
			isa = PBXGroup;
			children = (
				E80F4F77D2B37408186E0F17 /* Pods-NaviApp.debug.xcconfig */,
				C7DC6EAC00A0006DFA9AB3AE /* Pods-NaviApp.release.xcconfig */,
			);
			name = Pods;
			sourceTree = "<group>";
		};
/* End PBXGroup section */

/* Begin PBXNativeTarget section */
		89EEF03A1DDF34A600A8FB5A /* NaviApp */ = {
			isa = PBXNativeTarget;
			buildConfigurationList = 89EEF04D1DDF34A600A8FB5A /* Build configuration list for PBXNativeTarget "NaviApp" */;
			buildPhases = (
				65F164C3A7A309BBA6137D57 /* [CP] Check Pods Manifest.lock */,
				89EEF0371DDF34A600A8FB5A /* Sources */,
				89EEF0381DDF34A600A8FB5A /* Frameworks */,
				89EEF0391DDF34A600A8FB5A /* Resources */,
				3ED3D3C60B900DB653BCA80F /* [CP] Embed Pods Frameworks */,
				D60D99C708E1FA2649EAAC01 /* [CP] Copy Pods Resources */,
			);
			buildRules = (
			);
			dependencies = (
			);
			name = NaviApp;
			productName = NaviApp;
			productReference = 89EEF03B1DDF34A600A8FB5A /* NaviApp.app */;
			productType = "com.apple.product-type.application";
		};
/* End PBXNativeTarget section */

/* Begin PBXProject section */
		89EEF0331DDF34A600A8FB5A /* Project object */ = {
			isa = PBXProject;
			attributes = {
				LastSwiftUpdateCheck = 0810;
				LastUpgradeCheck = 0810;
				ORGANIZATIONNAME = "BETA-yamato";
				TargetAttributes = {
					89EEF03A1DDF34A600A8FB5A = {
						CreatedOnToolsVersion = 8.1;
						DevelopmentTeam = G76E985X3G;
						ProvisioningStyle = Automatic;
					};
				};
			};
			buildConfigurationList = 89EEF0361DDF34A600A8FB5A /* Build configuration list for PBXProject "NaviApp" */;
			compatibilityVersion = "Xcode 3.2";
			developmentRegion = English;
			hasScannedForEncodings = 0;
			knownRegions = (
				en,
				Base,
			);
			mainGroup = 89EEF0321DDF34A500A8FB5A;
			productRefGroup = 89EEF03C1DDF34A600A8FB5A /* Products */;
			projectDirPath = "";
			projectRoot = "";
			targets = (
				89EEF03A1DDF34A600A8FB5A /* NaviApp */,
			);
		};
/* End PBXProject section */

/* Begin PBXResourcesBuildPhase section */
		89EEF0391DDF34A600A8FB5A /* Resources */ = {
			isa = PBXResourcesBuildPhase;
			buildActionMask = 2147483647;
			files = (
				89EEF0491DDF34A600A8FB5A /* LaunchScreen.storyboard in Resources */,
				89EEF0461DDF34A600A8FB5A /* Assets.xcassets in Resources */,
				89890B561DDF647900A3AA35 /* Podfile in Resources */,
				89EEF0441DDF34A600A8FB5A /* Main.storyboard in Resources */,
			);
			runOnlyForDeploymentPostprocessing = 0;
		};
/* End PBXResourcesBuildPhase section */

/* Begin PBXShellScriptBuildPhase section */
		3ED3D3C60B900DB653BCA80F /* [CP] Embed Pods Frameworks */ = {
			isa = PBXShellScriptBuildPhase;
			buildActionMask = 2147483647;
			files = (
			);
			inputPaths = (
			);
			name = "[CP] Embed Pods Frameworks";
			outputPaths = (
			);
			runOnlyForDeploymentPostprocessing = 0;
			shellPath = /bin/sh;
			shellScript = "\"${SRCROOT}/Pods/Target Support Files/Pods-NaviApp/Pods-NaviApp-frameworks.sh\"\n";
			showEnvVarsInLog = 0;
		};
		65F164C3A7A309BBA6137D57 /* [CP] Check Pods Manifest.lock */ = {
			isa = PBXShellScriptBuildPhase;
			buildActionMask = 2147483647;
			files = (
			);
			inputPaths = (
			);
			name = "[CP] Check Pods Manifest.lock";
			outputPaths = (
			);
			runOnlyForDeploymentPostprocessing = 0;
			shellPath = /bin/sh;
			shellScript = "diff \"${PODS_ROOT}/../Podfile.lock\" \"${PODS_ROOT}/Manifest.lock\" > /dev/null\nif [ $? != 0 ] ; then\n    # print error to STDERR\n    echo \"error: The sandbox is not in sync with the Podfile.lock. Run 'pod install' or update your CocoaPods installation.\" >&2\n    exit 1\nfi\n";
			showEnvVarsInLog = 0;
		};
		D60D99C708E1FA2649EAAC01 /* [CP] Copy Pods Resources */ = {
			isa = PBXShellScriptBuildPhase;
			buildActionMask = 2147483647;
			files = (
			);
			inputPaths = (
			);
			name = "[CP] Copy Pods Resources";
			outputPaths = (
			);
			runOnlyForDeploymentPostprocessing = 0;
			shellPath = /bin/sh;
			shellScript = "\"${SRCROOT}/Pods/Target Support Files/Pods-NaviApp/Pods-NaviApp-resources.sh\"\n";
			showEnvVarsInLog = 0;
		};
/* End PBXShellScriptBuildPhase section */

/* Begin PBXSourcesBuildPhase section */
		89EEF0371DDF34A600A8FB5A /* Sources */ = {
			isa = PBXSourcesBuildPhase;
			buildActionMask = 2147483647;
			files = (
				89EEF0411DDF34A600A8FB5A /* ViewController.swift in Sources */,
				89EEF03F1DDF34A600A8FB5A /* AppDelegate.swift in Sources */,
			);
			runOnlyForDeploymentPostprocessing = 0;
		};
/* End PBXSourcesBuildPhase section */

/* Begin PBXVariantGroup section */
		89EEF0421DDF34A600A8FB5A /* Main.storyboard */ = {
			isa = PBXVariantGroup;
			children = (
				89EEF0431DDF34A600A8FB5A /* Base */,
			);
			name = Main.storyboard;
			sourceTree = "<group>";
		};
		89EEF0471DDF34A600A8FB5A /* LaunchScreen.storyboard */ = {
			isa = PBXVariantGroup;
			children = (
				89EEF0481DDF34A600A8FB5A /* Base */,
			);
			name = LaunchScreen.storyboard;
			sourceTree = "<group>";
		};
/* End PBXVariantGroup section */

/* Begin XCBuildConfiguration section */
		89EEF04B1DDF34A600A8FB5A /* Debug */ = {
			isa = XCBuildConfiguration;
			buildSettings = {
				ALWAYS_SEARCH_USER_PATHS = NO;
				CLANG_ANALYZER_NONNULL = YES;
				CLANG_CXX_LANGUAGE_STANDARD = "gnu++0x";
				CLANG_CXX_LIBRARY = "libc++";
				CLANG_ENABLE_MODULES = YES;
				CLANG_ENABLE_OBJC_ARC = YES;
				CLANG_WARN_BOOL_CONVERSION = YES;
				CLANG_WARN_CONSTANT_CONVERSION = YES;
				CLANG_WARN_DIRECT_OBJC_ISA_USAGE = YES_ERROR;
				CLANG_WARN_DOCUMENTATION_COMMENTS = YES;
				CLANG_WARN_EMPTY_BODY = YES;
				CLANG_WARN_ENUM_CONVERSION = YES;
				CLANG_WARN_INFINITE_RECURSION = YES;
				CLANG_WARN_INT_CONVERSION = YES;
				CLANG_WARN_OBJC_ROOT_CLASS = YES_ERROR;
				CLANG_WARN_SUSPICIOUS_MOVES = YES;
				CLANG_WARN_UNREACHABLE_CODE = YES;
				CLANG_WARN__DUPLICATE_METHOD_MATCH = YES;
				"CODE_SIGN_IDENTITY[sdk=iphoneos*]" = "iPhone Developer";
				COPY_PHASE_STRIP = NO;
				DEBUG_INFORMATION_FORMAT = dwarf;
				ENABLE_STRICT_OBJC_MSGSEND = YES;
				ENABLE_TESTABILITY = YES;
				GCC_C_LANGUAGE_STANDARD = gnu99;
				GCC_DYNAMIC_NO_PIC = NO;
				GCC_NO_COMMON_BLOCKS = YES;
				GCC_OPTIMIZATION_LEVEL = 0;
				GCC_PREPROCESSOR_DEFINITIONS = (
					"DEBUG=1",
					"$(inherited)",
				);
				GCC_WARN_64_TO_32_BIT_CONVERSION = YES;
				GCC_WARN_ABOUT_RETURN_TYPE = YES_ERROR;
				GCC_WARN_UNDECLARED_SELECTOR = YES;
				GCC_WARN_UNINITIALIZED_AUTOS = YES_AGGRESSIVE;
				GCC_WARN_UNUSED_FUNCTION = YES;
				GCC_WARN_UNUSED_VARIABLE = YES;
				IPHONEOS_DEPLOYMENT_TARGET = 10.1;
				MTL_ENABLE_DEBUG_INFO = YES;
				ONLY_ACTIVE_ARCH = YES;
				SDKROOT = iphoneos;
				SWIFT_ACTIVE_COMPILATION_CONDITIONS = DEBUG;
				SWIFT_OPTIMIZATION_LEVEL = "-Onone";
			};
			name = Debug;
		};
		89EEF04C1DDF34A600A8FB5A /* Release */ = {
			isa = XCBuildConfiguration;
			buildSettings = {
				ALWAYS_SEARCH_USER_PATHS = NO;
				CLANG_ANALYZER_NONNULL = YES;
				CLANG_CXX_LANGUAGE_STANDARD = "gnu++0x";
				CLANG_CXX_LIBRARY = "libc++";
				CLANG_ENABLE_MODULES = YES;
				CLANG_ENABLE_OBJC_ARC = YES;
				CLANG_WARN_BOOL_CONVERSION = YES;
				CLANG_WARN_CONSTANT_CONVERSION = YES;
				CLANG_WARN_DIRECT_OBJC_ISA_USAGE = YES_ERROR;
				CLANG_WARN_DOCUMENTATION_COMMENTS = YES;
				CLANG_WARN_EMPTY_BODY = YES;
				CLANG_WARN_ENUM_CONVERSION = YES;
				CLANG_WARN_INFINITE_RECURSION = YES;
				CLANG_WARN_INT_CONVERSION = YES;
				CLANG_WARN_OBJC_ROOT_CLASS = YES_ERROR;
				CLANG_WARN_SUSPICIOUS_MOVES = YES;
				CLANG_WARN_UNREACHABLE_CODE = YES;
				CLANG_WARN__DUPLICATE_METHOD_MATCH = YES;
				"CODE_SIGN_IDENTITY[sdk=iphoneos*]" = "iPhone Developer";
				COPY_PHASE_STRIP = NO;
				DEBUG_INFORMATION_FORMAT = "dwarf-with-dsym";
				ENABLE_NS_ASSERTIONS = NO;
				ENABLE_STRICT_OBJC_MSGSEND = YES;
				GCC_C_LANGUAGE_STANDARD = gnu99;
				GCC_NO_COMMON_BLOCKS = YES;
				GCC_WARN_64_TO_32_BIT_CONVERSION = YES;
				GCC_WARN_ABOUT_RETURN_TYPE = YES_ERROR;
				GCC_WARN_UNDECLARED_SELECTOR = YES;
				GCC_WARN_UNINITIALIZED_AUTOS = YES_AGGRESSIVE;
				GCC_WARN_UNUSED_FUNCTION = YES;
				GCC_WARN_UNUSED_VARIABLE = YES;
				IPHONEOS_DEPLOYMENT_TARGET = 10.1;
				MTL_ENABLE_DEBUG_INFO = NO;
				SDKROOT = iphoneos;
				SWIFT_OPTIMIZATION_LEVEL = "-Owholemodule";
				VALIDATE_PRODUCT = YES;
			};
			name = Release;
		};
		89EEF04E1DDF34A600A8FB5A /* Debug */ = {
			isa = XCBuildConfiguration;
			baseConfigurationReference = E80F4F77D2B37408186E0F17 /* Pods-NaviApp.debug.xcconfig */;
			buildSettings = {
				ASSETCATALOG_COMPILER_APPICON_NAME = AppIcon;
				DEVELOPMENT_TEAM = G76E985X3G;
				INFOPLIST_FILE = NaviApp/Info.plist;
				LD_RUNPATH_SEARCH_PATHS = "$(inherited) @executable_path/Frameworks";
				PRODUCT_BUNDLE_IDENTIFIER = "com.BETA-yamato.NaviApp";
				PRODUCT_NAME = "$(TARGET_NAME)";
				SWIFT_VERSION = 3.0;
			};
			name = Debug;
		};
		89EEF04F1DDF34A600A8FB5A /* Release */ = {
			isa = XCBuildConfiguration;
			baseConfigurationReference = C7DC6EAC00A0006DFA9AB3AE /* Pods-NaviApp.release.xcconfig */;
			buildSettings = {
				ASSETCATALOG_COMPILER_APPICON_NAME = AppIcon;
				DEVELOPMENT_TEAM = G76E985X3G;
				INFOPLIST_FILE = NaviApp/Info.plist;
				LD_RUNPATH_SEARCH_PATHS = "$(inherited) @executable_path/Frameworks";
				PRODUCT_BUNDLE_IDENTIFIER = "com.BETA-yamato.NaviApp";
				PRODUCT_NAME = "$(TARGET_NAME)";
				SWIFT_VERSION = 3.0;
			};
			name = Release;
		};
/* End XCBuildConfiguration section */

/* Begin XCConfigurationList section */
		89EEF0361DDF34A600A8FB5A /* Build configuration list for PBXProject "NaviApp" */ = {
			isa = XCConfigurationList;
			buildConfigurations = (
				89EEF04B1DDF34A600A8FB5A /* Debug */,
				89EEF04C1DDF34A600A8FB5A /* Release */,
			);
			defaultConfigurationIsVisible = 0;
			defaultConfigurationName = Release;
		};
		89EEF04D1DDF34A600A8FB5A /* Build configuration list for PBXNativeTarget "NaviApp" */ = {
			isa = XCConfigurationList;
			buildConfigurations = (
				89EEF04E1DDF34A600A8FB5A /* Debug */,
				89EEF04F1DDF34A600A8FB5A /* Release */,
			);
			defaultConfigurationIsVisible = 0;
			defaultConfigurationName = Release;
		};
/* End XCConfigurationList section */
	};
	rootObject = 89EEF0331DDF34A600A8FB5A /* Project object */;
}
